
Microsoft Visual Studio Solution File, Format Version 12.00
# Visual Studio Version 17
VisualStudioVersion = 17.10.35027.167
MinimumVisualStudioVersion = 10.0.40219.1
Project("{2150E333-8FDC-42A3-9474-1A3956D46DE8}") = "src", "src", "{F376DF0B-9196-4E43-8D9F-025540199C98}"
EndProject
Project("{FAE04EC0-301F-11D3-BF4B-00C04F79EFBC}") = "Querier", "src\Querier\Querier.csproj", "{CDC1DEE0-6809-47A2-BCF0-42B734A7387C}"
EndProject
Global
	GlobalSection(SolutionConfigurationPlatforms) = preSolution
		Debug|Any CPU = Debug|Any CPU
		Release|Any CPU = Release|Any CPU
	EndGlobalSection
	GlobalSection(ProjectConfigurationPlatforms) = postSolution
		{CDC1DEE0-6809-47A2-BCF0-42B734A7387C}.Debug|Any CPU.ActiveCfg = Debug|Any CPU
		{CDC1DEE0-6809-47A2-BCF0-42B734A7387C}.Debug|Any CPU.Build.0 = Debug|Any CPU
		{CDC1DEE0-6809-47A2-BCF0-42B734A7387C}.Release|Any CPU.ActiveCfg = Release|Any CPU
		{CDC1DEE0-6809-47A2-BCF0-42B734A7387C}.Release|Any CPU.Build.0 = Release|Any CPU
	EndGlobalSection
	GlobalSection(SolutionProperties) = preSolution
		HideSolutionNode = FALSE
	EndGlobalSection
	GlobalSection(NestedProjects) = preSolution
		{CDC1DEE0-6809-47A2-BCF0-42B734A7387C} = {F376DF0B-9196-4E43-8D9F-025540199C98}
	EndGlobalSection
	GlobalSection(ExtensibilityGlobals) = postSolution
		SolutionGuid = {995D80C2-A122-4B19-9C40-017947BCF2F9}
	EndGlobalSection
EndGlobal
